
Microsoft Visual Studio Solution File, Format Version 12.00
# Visual Studio Version 17
VisualStudioVersion = 17.14.36623.8 d17.14
MinimumVisualStudioVersion = 10.0.40219.1
Project("{FAE04EC0-301F-11D3-BF4B-00C04F79EFBC}") = "PokedexApp", "PokedexApp.csproj", "{69175FA1-BE2A-4011-A667-F048B5F4B052}"
EndProject
Global
	GlobalSection(SolutionConfigurationPlatforms) = preSolution
		Debug|Any CPU = Debug|Any CPU
		Release|Any CPU = Release|Any CPU
	EndGlobalSection
	GlobalSection(ProjectConfigurationPlatforms) = postSolution
		{69175FA1-BE2A-4011-A667-F048B5F4B052}.Debug|Any CPU.ActiveCfg = Debug|Any CPU
		{69175FA1-BE2A-4011-A667-F048B5F4B052}.Debug|Any CPU.Build.0 = Debug|Any CPU
		{69175FA1-BE2A-4011-A667-F048B5F4B052}.Release|Any CPU.ActiveCfg = Release|Any CPU
		{69175FA1-BE2A-4011-A667-F048B5F4B052}.Release|Any CPU.Build.0 = Release|Any CPU
	EndGlobalSection
	GlobalSection(SolutionProperties) = preSolution
		HideSolutionNode = FALSE
	EndGlobalSection
	GlobalSection(ExtensibilityGlobals) = postSolution
		SolutionGuid = {D113A0DE-6863-4EA8-8293-BEBA3C5517D3}
	EndGlobalSection
EndGlobal
